
Microsoft Visual Studio Solution File, Format Version 12.00
# Visual Studio 15
Project("{FAE04EC0-301F-11D3-BF4B-00C04F79EFBC}") = "Assembly-CSharp", "Assembly-CSharp.csproj", "{D55F0C01-F4DB-9C8C-3366-7255D1D18589}"
EndProject
Project("{FAE04EC0-301F-11D3-BF4B-00C04F79EFBC}") = "Assembly-CSharp-firstpass", "Assembly-CSharp-firstpass.csproj", "{77AB6018-5884-189D-2BAD-C11EB2AECA2B}"
EndProject
Project("{FAE04EC0-301F-11D3-BF4B-00C04F79EFBC}") = "LeapMotion", "LeapMotion.csproj", "{7B3293E5-AC4B-C7F4-D4D4-B55AB71BF2D8}"
EndProject
Project("{FAE04EC0-301F-11D3-BF4B-00C04F79EFBC}") = "LeapMotion.LeapCSharp", "LeapMotion.LeapCSharp.csproj", "{C00F0B75-AC9E-ED83-2269-7B400F99CD13}"
EndProject
Project("{FAE04EC0-301F-11D3-BF4B-00C04F79EFBC}") = "Assembly-CSharp-Editor-firstpass", "Assembly-CSharp-Editor-firstpass.csproj", "{D55CF55F-5700-77E1-3DFB-1B17BA920EAF}"
EndProject
Global
	GlobalSection(SolutionConfigurationPlatforms) = preSolution
		Debug|Any CPU = Debug|Any CPU
		Release|Any CPU = Release|Any CPU
	EndGlobalSection
	GlobalSection(ProjectConfigurationPlatforms) = postSolution
		{D55F0C01-F4DB-9C8C-3366-7255D1D18589}.Debug|Any CPU.ActiveCfg = Debug|Any CPU
		{D55F0C01-F4DB-9C8C-3366-7255D1D18589}.Debug|Any CPU.Build.0 = Debug|Any CPU
		{D55F0C01-F4DB-9C8C-3366-7255D1D18589}.Release|Any CPU.ActiveCfg = Release|Any CPU
		{D55F0C01-F4DB-9C8C-3366-7255D1D18589}.Release|Any CPU.Build.0 = Release|Any CPU
		{77AB6018-5884-189D-2BAD-C11EB2AECA2B}.Debug|Any CPU.ActiveCfg = Debug|Any CPU
		{77AB6018-5884-189D-2BAD-C11EB2AECA2B}.Debug|Any CPU.Build.0 = Debug|Any CPU
		{77AB6018-5884-189D-2BAD-C11EB2AECA2B}.Release|Any CPU.ActiveCfg = Release|Any CPU
		{77AB6018-5884-189D-2BAD-C11EB2AECA2B}.Release|Any CPU.Build.0 = Release|Any CPU
		{7B3293E5-AC4B-C7F4-D4D4-B55AB71BF2D8}.Debug|Any CPU.ActiveCfg = Debug|Any CPU
		{7B3293E5-AC4B-C7F4-D4D4-B55AB71BF2D8}.Debug|Any CPU.Build.0 = Debug|Any CPU
		{7B3293E5-AC4B-C7F4-D4D4-B55AB71BF2D8}.Release|Any CPU.ActiveCfg = Release|Any CPU
		{7B3293E5-AC4B-C7F4-D4D4-B55AB71BF2D8}.Release|Any CPU.Build.0 = Release|Any CPU
		{C00F0B75-AC9E-ED83-2269-7B400F99CD13}.Debug|Any CPU.ActiveCfg = Debug|Any CPU
		{C00F0B75-AC9E-ED83-2269-7B400F99CD13}.Debug|Any CPU.Build.0 = Debug|Any CPU
		{C00F0B75-AC9E-ED83-2269-7B400F99CD13}.Release|Any CPU.ActiveCfg = Release|Any CPU
		{C00F0B75-AC9E-ED83-2269-7B400F99CD13}.Release|Any CPU.Build.0 = Release|Any CPU
		{D55CF55F-5700-77E1-3DFB-1B17BA920EAF}.Debug|Any CPU.ActiveCfg = Debug|Any CPU
		{D55CF55F-5700-77E1-3DFB-1B17BA920EAF}.Debug|Any CPU.Build.0 = Debug|Any CPU
		{D55CF55F-5700-77E1-3DFB-1B17BA920EAF}.Release|Any CPU.ActiveCfg = Release|Any CPU
		{D55CF55F-5700-77E1-3DFB-1B17BA920EAF}.Release|Any CPU.Build.0 = Release|Any CPU
	EndGlobalSection
	GlobalSection(SolutionProperties) = preSolution
		HideSolutionNode = FALSE
	EndGlobalSection
EndGlobal
